// !$*UTF8*$!
{
	archiveVersion = 1;
	classes = {
	};
	objectVersion = 48;
	objects = {

/* Begin PBXBuildFile section */
		02F457D51FE91E9E0061872A /* AppDelegate.swift in Sources */ = {isa = PBXBuildFile; fileRef = 02F457D41FE91E9E0061872A /* AppDelegate.swift */; };
		02F457DC1FE91E9E0061872A /* Assets.xcassets in Resources */ = {isa = PBXBuildFile; fileRef = 02F457DB1FE91E9E0061872A /* Assets.xcassets */; };
		02F457DF1FE91E9E0061872A /* LaunchScreen.storyboard in Resources */ = {isa = PBXBuildFile; fileRef = 02F457DD1FE91E9E0061872A /* LaunchScreen.storyboard */; };
		02F457EA1FE91E9E0061872A /* SmogAppTests.swift in Sources */ = {isa = PBXBuildFile; fileRef = 02F457E91FE91E9E0061872A /* SmogAppTests.swift */; };
		02F457F91FE928C10061872A /* Endpoint.swift in Sources */ = {isa = PBXBuildFile; fileRef = 02F457F81FE928C10061872A /* Endpoint.swift */; };
		02F457FF1FE929D40061872A /* Station.swift in Sources */ = {isa = PBXBuildFile; fileRef = 02F457FE1FE929D40061872A /* Station.swift */; };
		02F458011FE92C5D0061872A /* GenericAPIClient.swift in Sources */ = {isa = PBXBuildFile; fileRef = 02F458001FE92C5D0061872A /* GenericAPIClient.swift */; };
		02F458031FE92C990061872A /* SmogClient.swift in Sources */ = {isa = PBXBuildFile; fileRef = 02F458021FE92C990061872A /* SmogClient.swift */; };
		02F458051FE9312E0061872A /* CitiesViewController.swift in Sources */ = {isa = PBXBuildFile; fileRef = 02F458041FE9312E0061872A /* CitiesViewController.swift */; };
		02F458071FE933E70061872A /* StationViewModel.swift in Sources */ = {isa = PBXBuildFile; fileRef = 02F458061FE933E70061872A /* StationViewModel.swift */; };
		02F4580B1FE9444C0061872A /* LocationManager.swift in Sources */ = {isa = PBXBuildFile; fileRef = 02F4580A1FE9444C0061872A /* LocationManager.swift */; };
		02F4580E1FE947A80061872A /* CoreLocation.framework in Frameworks */ = {isa = PBXBuildFile; fileRef = 02F4580D1FE947A80061872A /* CoreLocation.framework */; };
/* End PBXBuildFile section */

/* Begin PBXContainerItemProxy section */
		02F457E61FE91E9E0061872A /* PBXContainerItemProxy */ = {
			isa = PBXContainerItemProxy;
			containerPortal = 02F457C91FE91E9E0061872A /* Project object */;
			proxyType = 1;
			remoteGlobalIDString = 02F457D01FE91E9E0061872A;
			remoteInfo = SmogApp;
		};
/* End PBXContainerItemProxy section */

/* Begin PBXFileReference section */
		02F457D11FE91E9E0061872A /* SmogApp.app */ = {isa = PBXFileReference; explicitFileType = wrapper.application; includeInIndex = 0; path = SmogApp.app; sourceTree = BUILT_PRODUCTS_DIR; };
		02F457D41FE91E9E0061872A /* AppDelegate.swift */ = {isa = PBXFileReference; lastKnownFileType = sourcecode.swift; path = AppDelegate.swift; sourceTree = "<group>"; };
		02F457DB1FE91E9E0061872A /* Assets.xcassets */ = {isa = PBXFileReference; lastKnownFileType = folder.assetcatalog; path = Assets.xcassets; sourceTree = "<group>"; };
		02F457DE1FE91E9E0061872A /* Base */ = {isa = PBXFileReference; lastKnownFileType = file.storyboard; name = Base; path = Base.lproj/LaunchScreen.storyboard; sourceTree = "<group>"; };
		02F457E01FE91E9E0061872A /* Info.plist */ = {isa = PBXFileReference; lastKnownFileType = text.plist.xml; path = Info.plist; sourceTree = "<group>"; };
		02F457E51FE91E9E0061872A /* SmogAppTests.xctest */ = {isa = PBXFileReference; explicitFileType = wrapper.cfbundle; includeInIndex = 0; path = SmogAppTests.xctest; sourceTree = BUILT_PRODUCTS_DIR; };
		02F457E91FE91E9E0061872A /* SmogAppTests.swift */ = {isa = PBXFileReference; lastKnownFileType = sourcecode.swift; path = SmogAppTests.swift; sourceTree = "<group>"; };
		02F457EB1FE91E9E0061872A /* Info.plist */ = {isa = PBXFileReference; lastKnownFileType = text.plist.xml; path = Info.plist; sourceTree = "<group>"; };
		02F457F81FE928C10061872A /* Endpoint.swift */ = {isa = PBXFileReference; lastKnownFileType = sourcecode.swift; path = Endpoint.swift; sourceTree = "<group>"; };
		02F457FE1FE929D40061872A /* Station.swift */ = {isa = PBXFileReference; lastKnownFileType = sourcecode.swift; path = Station.swift; sourceTree = "<group>"; };
		02F458001FE92C5D0061872A /* GenericAPIClient.swift */ = {isa = PBXFileReference; lastKnownFileType = sourcecode.swift; path = GenericAPIClient.swift; sourceTree = "<group>"; };
		02F458021FE92C990061872A /* SmogClient.swift */ = {isa = PBXFileReference; lastKnownFileType = sourcecode.swift; path = SmogClient.swift; sourceTree = "<group>"; };
		02F458041FE9312E0061872A /* CitiesViewController.swift */ = {isa = PBXFileReference; lastKnownFileType = sourcecode.swift; path = CitiesViewController.swift; sourceTree = "<group>"; };
		02F458061FE933E70061872A /* StationViewModel.swift */ = {isa = PBXFileReference; lastKnownFileType = sourcecode.swift; path = StationViewModel.swift; sourceTree = "<group>"; };
		02F4580A1FE9444C0061872A /* LocationManager.swift */ = {isa = PBXFileReference; lastKnownFileType = sourcecode.swift; path = LocationManager.swift; sourceTree = "<group>"; };
		02F4580D1FE947A80061872A /* CoreLocation.framework */ = {isa = PBXFileReference; lastKnownFileType = wrapper.framework; name = CoreLocation.framework; path = System/Library/Frameworks/CoreLocation.framework; sourceTree = SDKROOT; };
/* End PBXFileReference section */

/* Begin PBXFrameworksBuildPhase section */
		02F457CE1FE91E9E0061872A /* Frameworks */ = {
			isa = PBXFrameworksBuildPhase;
			buildActionMask = 2147483647;
			files = (
				02F4580E1FE947A80061872A /* CoreLocation.framework in Frameworks */,
			);
			runOnlyForDeploymentPostprocessing = 0;
		};
		02F457E21FE91E9E0061872A /* Frameworks */ = {
			isa = PBXFrameworksBuildPhase;
			buildActionMask = 2147483647;
			files = (
			);
			runOnlyForDeploymentPostprocessing = 0;
		};
/* End PBXFrameworksBuildPhase section */

/* Begin PBXGroup section */
		02F457C81FE91E9E0061872A = {
			isa = PBXGroup;
			children = (
				02F457D31FE91E9E0061872A /* SmogApp */,
				02F457E81FE91E9E0061872A /* SmogAppTests */,
				02F457D21FE91E9E0061872A /* Products */,
				02F4580C1FE947A80061872A /* Frameworks */,
			);
			sourceTree = "<group>";
		};
		02F457D21FE91E9E0061872A /* Products */ = {
			isa = PBXGroup;
			children = (
				02F457D11FE91E9E0061872A /* SmogApp.app */,
				02F457E51FE91E9E0061872A /* SmogAppTests.xctest */,
			);
			name = Products;
			sourceTree = "<group>";
		};
		02F457D31FE91E9E0061872A /* SmogApp */ = {
			isa = PBXGroup;
			children = (
				02F457F71FE91FB60061872A /* AppSettings */,
				02F457F61FE91FA90061872A /* Modules */,
				02F457F51FE91F960061872A /* SupportingFiles */,
				02F457F41FE91F6C0061872A /* Networking */,
				02F458091FE9442C0061872A /* Managers */,
			);
			path = SmogApp;
			sourceTree = "<group>";
		};
		02F457E81FE91E9E0061872A /* SmogAppTests */ = {
			isa = PBXGroup;
			children = (
				02F457E91FE91E9E0061872A /* SmogAppTests.swift */,
				02F457EB1FE91E9E0061872A /* Info.plist */,
			);
			path = SmogAppTests;
			sourceTree = "<group>";
		};
		02F457F41FE91F6C0061872A /* Networking */ = {
			isa = PBXGroup;
			children = (
				02F457F81FE928C10061872A /* Endpoint.swift */,
				02F458001FE92C5D0061872A /* GenericAPIClient.swift */,
				02F458021FE92C990061872A /* SmogClient.swift */,
			);
			path = Networking;
			sourceTree = "<group>";
		};
		02F457F51FE91F960061872A /* SupportingFiles */ = {
			isa = PBXGroup;
			children = (
				02F457DB1FE91E9E0061872A /* Assets.xcassets */,
				02F457E01FE91E9E0061872A /* Info.plist */,
				02F457DD1FE91E9E0061872A /* LaunchScreen.storyboard */,
			);
			path = SupportingFiles;
			sourceTree = "<group>";
		};
		02F457F61FE91FA90061872A /* Modules */ = {
			isa = PBXGroup;
			children = (
				02F457FA1FE9294D0061872A /* CitiesList */,
			);
			path = Modules;
			sourceTree = "<group>";
		};
		02F457F71FE91FB60061872A /* AppSettings */ = {
			isa = PBXGroup;
			children = (
				02F457D41FE91E9E0061872A /* AppDelegate.swift */,
			);
			path = AppSettings;
			sourceTree = "<group>";
		};
		02F457FA1FE9294D0061872A /* CitiesList */ = {
			isa = PBXGroup;
			children = (
				02F457FD1FE9296F0061872A /* ViewModel */,
				02F457FC1FE929660061872A /* View */,
				02F457FB1FE9295E0061872A /* Model */,
			);
			path = CitiesList;
			sourceTree = "<group>";
		};
		02F457FB1FE9295E0061872A /* Model */ = {
			isa = PBXGroup;
			children = (
				02F457FE1FE929D40061872A /* Station.swift */,
			);
			path = Model;
			sourceTree = "<group>";
		};
		02F457FC1FE929660061872A /* View */ = {
			isa = PBXGroup;
			children = (
				02F458041FE9312E0061872A /* CitiesViewController.swift */,
			);
			path = View;
			sourceTree = "<group>";
		};
		02F457FD1FE9296F0061872A /* ViewModel */ = {
			isa = PBXGroup;
			children = (
				02F458061FE933E70061872A /* StationViewModel.swift */,
			);
			path = ViewModel;
			sourceTree = "<group>";
		};
		02F458091FE9442C0061872A /* Managers */ = {
			isa = PBXGroup;
			children = (
				02F4580A1FE9444C0061872A /* LocationManager.swift */,
			);
			path = Managers;
			sourceTree = "<group>";
		};
		02F4580C1FE947A80061872A /* Frameworks */ = {
			isa = PBXGroup;
			children = (
				02F4580D1FE947A80061872A /* CoreLocation.framework */,
			);
			name = Frameworks;
			sourceTree = "<group>";
		};
/* End PBXGroup section */

/* Begin PBXNativeTarget section */
		02F457D01FE91E9E0061872A /* SmogApp */ = {
			isa = PBXNativeTarget;
			buildConfigurationList = 02F457EE1FE91E9E0061872A /* Build configuration list for PBXNativeTarget "SmogApp" */;
			buildPhases = (
				02F457CD1FE91E9E0061872A /* Sources */,
				02F457CE1FE91E9E0061872A /* Frameworks */,
				02F457CF1FE91E9E0061872A /* Resources */,
			);
			buildRules = (
			);
			dependencies = (
			);
			name = SmogApp;
			productName = SmogApp;
			productReference = 02F457D11FE91E9E0061872A /* SmogApp.app */;
			productType = "com.apple.product-type.application";
		};
		02F457E41FE91E9E0061872A /* SmogAppTests */ = {
			isa = PBXNativeTarget;
			buildConfigurationList = 02F457F11FE91E9E0061872A /* Build configuration list for PBXNativeTarget "SmogAppTests" */;
			buildPhases = (
				02F457E11FE91E9E0061872A /* Sources */,
				02F457E21FE91E9E0061872A /* Frameworks */,
				02F457E31FE91E9E0061872A /* Resources */,
			);
			buildRules = (
			);
			dependencies = (
				02F457E71FE91E9E0061872A /* PBXTargetDependency */,
			);
			name = SmogAppTests;
			productName = SmogAppTests;
			productReference = 02F457E51FE91E9E0061872A /* SmogAppTests.xctest */;
			productType = "com.apple.product-type.bundle.unit-test";
		};
/* End PBXNativeTarget section */

/* Begin PBXProject section */
		02F457C91FE91E9E0061872A /* Project object */ = {
			isa = PBXProject;
			attributes = {
				LastSwiftUpdateCheck = 0920;
				LastUpgradeCheck = 0920;
				ORGANIZATIONNAME = "Krystian Bylica";
				TargetAttributes = {
					02F457D01FE91E9E0061872A = {
						CreatedOnToolsVersion = 9.2;
						ProvisioningStyle = Automatic;
					};
					02F457E41FE91E9E0061872A = {
						CreatedOnToolsVersion = 9.2;
						ProvisioningStyle = Automatic;
						TestTargetID = 02F457D01FE91E9E0061872A;
					};
				};
			};
			buildConfigurationList = 02F457CC1FE91E9E0061872A /* Build configuration list for PBXProject "SmogApp" */;
			compatibilityVersion = "Xcode 8.0";
			developmentRegion = en;
			hasScannedForEncodings = 0;
			knownRegions = (
				en,
				Base,
			);
			mainGroup = 02F457C81FE91E9E0061872A;
			productRefGroup = 02F457D21FE91E9E0061872A /* Products */;
			projectDirPath = "";
			projectRoot = "";
			targets = (
				02F457D01FE91E9E0061872A /* SmogApp */,
				02F457E41FE91E9E0061872A /* SmogAppTests */,
			);
		};
/* End PBXProject section */

/* Begin PBXResourcesBuildPhase section */
		02F457CF1FE91E9E0061872A /* Resources */ = {
			isa = PBXResourcesBuildPhase;
			buildActionMask = 2147483647;
			files = (
				02F457DF1FE91E9E0061872A /* LaunchScreen.storyboard in Resources */,
				02F457DC1FE91E9E0061872A /* Assets.xcassets in Resources */,
			);
			runOnlyForDeploymentPostprocessing = 0;
		};
		02F457E31FE91E9E0061872A /* Resources */ = {
			isa = PBXResourcesBuildPhase;
			buildActionMask = 2147483647;
			files = (
			);
			runOnlyForDeploymentPostprocessing = 0;
		};
/* End PBXResourcesBuildPhase section */

/* Begin PBXSourcesBuildPhase section */
		02F457CD1FE91E9E0061872A /* Sources */ = {
			isa = PBXSourcesBuildPhase;
			buildActionMask = 2147483647;
			files = (
				02F457F91FE928C10061872A /* Endpoint.swift in Sources */,
				02F458031FE92C990061872A /* SmogClient.swift in Sources */,
				02F457FF1FE929D40061872A /* Station.swift in Sources */,
				02F458011FE92C5D0061872A /* GenericAPIClient.swift in Sources */,
				02F458051FE9312E0061872A /* CitiesViewController.swift in Sources */,
				02F457D51FE91E9E0061872A /* AppDelegate.swift in Sources */,
				02F458071FE933E70061872A /* StationViewModel.swift in Sources */,
				02F4580B1FE9444C0061872A /* LocationManager.swift in Sources */,
			);
			runOnlyForDeploymentPostprocessing = 0;
		};
		02F457E11FE91E9E0061872A /* Sources */ = {
			isa = PBXSourcesBuildPhase;
			buildActionMask = 2147483647;
			files = (
				02F457EA1FE91E9E0061872A /* SmogAppTests.swift in Sources */,
			);
			runOnlyForDeploymentPostprocessing = 0;
		};
/* End PBXSourcesBuildPhase section */

/* Begin PBXTargetDependency section */
		02F457E71FE91E9E0061872A /* PBXTargetDependency */ = {
			isa = PBXTargetDependency;
			target = 02F457D01FE91E9E0061872A /* SmogApp */;
			targetProxy = 02F457E61FE91E9E0061872A /* PBXContainerItemProxy */;
		};
/* End PBXTargetDependency section */

/* Begin PBXVariantGroup section */
		02F457DD1FE91E9E0061872A /* LaunchScreen.storyboard */ = {
			isa = PBXVariantGroup;
			children = (
				02F457DE1FE91E9E0061872A /* Base */,
			);
			name = LaunchScreen.storyboard;
			sourceTree = "<group>";
		};
/* End PBXVariantGroup section */

/* Begin XCBuildConfiguration section */
		02F457EC1FE91E9E0061872A /* Debug */ = {
			isa = XCBuildConfiguration;
			buildSettings = {
				ALWAYS_SEARCH_USER_PATHS = NO;
				CLANG_ANALYZER_NONNULL = YES;
				CLANG_ANALYZER_NUMBER_OBJECT_CONVERSION = YES_AGGRESSIVE;
				CLANG_CXX_LANGUAGE_STANDARD = "gnu++14";
				CLANG_CXX_LIBRARY = "libc++";
				CLANG_ENABLE_MODULES = YES;
				CLANG_ENABLE_OBJC_ARC = YES;
				CLANG_WARN_BLOCK_CAPTURE_AUTORELEASING = YES;
				CLANG_WARN_BOOL_CONVERSION = YES;
				CLANG_WARN_COMMA = YES;
				CLANG_WARN_CONSTANT_CONVERSION = YES;
				CLANG_WARN_DIRECT_OBJC_ISA_USAGE = YES_ERROR;
				CLANG_WARN_DOCUMENTATION_COMMENTS = YES;
				CLANG_WARN_EMPTY_BODY = YES;
				CLANG_WARN_ENUM_CONVERSION = YES;
				CLANG_WARN_INFINITE_RECURSION = YES;
				CLANG_WARN_INT_CONVERSION = YES;
				CLANG_WARN_NON_LITERAL_NULL_CONVERSION = YES;
				CLANG_WARN_OBJC_LITERAL_CONVERSION = YES;
				CLANG_WARN_OBJC_ROOT_CLASS = YES_ERROR;
				CLANG_WARN_RANGE_LOOP_ANALYSIS = YES;
				CLANG_WARN_STRICT_PROTOTYPES = YES;
				CLANG_WARN_SUSPICIOUS_MOVE = YES;
				CLANG_WARN_UNGUARDED_AVAILABILITY = YES_AGGRESSIVE;
				CLANG_WARN_UNREACHABLE_CODE = YES;
				CLANG_WARN__DUPLICATE_METHOD_MATCH = YES;
				CODE_SIGN_IDENTITY = "iPhone Developer";
				COPY_PHASE_STRIP = NO;
				DEBUG_INFORMATION_FORMAT = dwarf;
				ENABLE_STRICT_OBJC_MSGSEND = YES;
				ENABLE_TESTABILITY = YES;
				GCC_C_LANGUAGE_STANDARD = gnu11;
				GCC_DYNAMIC_NO_PIC = NO;
				GCC_NO_COMMON_BLOCKS = YES;
				GCC_OPTIMIZATION_LEVEL = 0;
				GCC_PREPROCESSOR_DEFINITIONS = (
					"DEBUG=1",
					"$(inherited)",
				);
				GCC_WARN_64_TO_32_BIT_CONVERSION = YES;
				GCC_WARN_ABOUT_RETURN_TYPE = YES_ERROR;
				GCC_WARN_UNDECLARED_SELECTOR = YES;
				GCC_WARN_UNINITIALIZED_AUTOS = YES_AGGRESSIVE;
				GCC_WARN_UNUSED_FUNCTION = YES;
				GCC_WARN_UNUSED_VARIABLE = YES;
				IPHONEOS_DEPLOYMENT_TARGET = 11.2;
				MTL_ENABLE_DEBUG_INFO = YES;
				ONLY_ACTIVE_ARCH = YES;
				SDKROOT = iphoneos;
				SWIFT_ACTIVE_COMPILATION_CONDITIONS = DEBUG;
				SWIFT_OPTIMIZATION_LEVEL = "-Onone";
			};
			name = Debug;
		};
		02F457ED1FE91E9E0061872A /* Release */ = {
			isa = XCBuildConfiguration;
			buildSettings = {
				ALWAYS_SEARCH_USER_PATHS = NO;
				CLANG_ANALYZER_NONNULL = YES;
				CLANG_ANALYZER_NUMBER_OBJECT_CONVERSION = YES_AGGRESSIVE;
				CLANG_CXX_LANGUAGE_STANDARD = "gnu++14";
				CLANG_CXX_LIBRARY = "libc++";
				CLANG_ENABLE_MODULES = YES;
				CLANG_ENABLE_OBJC_ARC = YES;
				CLANG_WARN_BLOCK_CAPTURE_AUTORELEASING = YES;
				CLANG_WARN_BOOL_CONVERSION = YES;
				CLANG_WARN_COMMA = YES;
				CLANG_WARN_CONSTANT_CONVERSION = YES;
				CLANG_WARN_DIRECT_OBJC_ISA_USAGE = YES_ERROR;
				CLANG_WARN_DOCUMENTATION_COMMENTS = YES;
				CLANG_WARN_EMPTY_BODY = YES;
				CLANG_WARN_ENUM_CONVERSION = YES;
				CLANG_WARN_INFINITE_RECURSION = YES;
				CLANG_WARN_INT_CONVERSION = YES;
				CLANG_WARN_NON_LITERAL_NULL_CONVERSION = YES;
				CLANG_WARN_OBJC_LITERAL_CONVERSION = YES;
				CLANG_WARN_OBJC_ROOT_CLASS = YES_ERROR;
				CLANG_WARN_RANGE_LOOP_ANALYSIS = YES;
				CLANG_WARN_STRICT_PROTOTYPES = YES;
				CLANG_WARN_SUSPICIOUS_MOVE = YES;
				CLANG_WARN_UNGUARDED_AVAILABILITY = YES_AGGRESSIVE;
				CLANG_WARN_UNREACHABLE_CODE = YES;
				CLANG_WARN__DUPLICATE_METHOD_MATCH = YES;
				CODE_SIGN_IDENTITY = "iPhone Developer";
				COPY_PHASE_STRIP = NO;
				DEBUG_INFORMATION_FORMAT = "dwarf-with-dsym";
				ENABLE_NS_ASSERTIONS = NO;
				ENABLE_STRICT_OBJC_MSGSEND = YES;
				GCC_C_LANGUAGE_STANDARD = gnu11;
				GCC_NO_COMMON_BLOCKS = YES;
				GCC_WARN_64_TO_32_BIT_CONVERSION = YES;
				GCC_WARN_ABOUT_RETURN_TYPE = YES_ERROR;
				GCC_WARN_UNDECLARED_SELECTOR = YES;
				GCC_WARN_UNINITIALIZED_AUTOS = YES_AGGRESSIVE;
				GCC_WARN_UNUSED_FUNCTION = YES;
				GCC_WARN_UNUSED_VARIABLE = YES;
				IPHONEOS_DEPLOYMENT_TARGET = 11.2;
				MTL_ENABLE_DEBUG_INFO = NO;
				SDKROOT = iphoneos;
				SWIFT_OPTIMIZATION_LEVEL = "-Owholemodule";
				VALIDATE_PRODUCT = YES;
			};
			name = Release;
		};
		02F457EF1FE91E9E0061872A /* Debug */ = {
			isa = XCBuildConfiguration;
			buildSettings = {
				ASSETCATALOG_COMPILER_APPICON_NAME = AppIcon;
				CODE_SIGN_STYLE = Automatic;
				DEVELOPMENT_TEAM = 7FU5VRE3F9;
				INFOPLIST_FILE = "$(SRCROOT)/SmogApp/SupportingFiles/Info.plist";
				LD_RUNPATH_SEARCH_PATHS = "$(inherited) @executable_path/Frameworks";
				PRODUCT_BUNDLE_IDENTIFIER = pl.krystianbylica.SmogApp;
				PRODUCT_NAME = "$(TARGET_NAME)";
				SWIFT_VERSION = 4.0;
				TARGETED_DEVICE_FAMILY = 1;
			};
			name = Debug;
		};
		02F457F01FE91E9E0061872A /* Release */ = {
			isa = XCBuildConfiguration;
			buildSettings = {
				ASSETCATALOG_COMPILER_APPICON_NAME = AppIcon;
				CODE_SIGN_STYLE = Automatic;
				DEVELOPMENT_TEAM = 7FU5VRE3F9;
				INFOPLIST_FILE = "$(SRCROOT)/SmogApp/SupportingFiles/Info.plist";
				LD_RUNPATH_SEARCH_PATHS = "$(inherited) @executable_path/Frameworks";
				PRODUCT_BUNDLE_IDENTIFIER = pl.krystianbylica.SmogApp;
				PRODUCT_NAME = "$(TARGET_NAME)";
				SWIFT_VERSION = 4.0;
				TARGETED_DEVICE_FAMILY = 1;
			};
			name = Release;
		};
		02F457F21FE91E9E0061872A /* Debug */ = {
			isa = XCBuildConfiguration;
			buildSettings = {
				ALWAYS_EMBED_SWIFT_STANDARD_LIBRARIES = YES;
				BUNDLE_LOADER = "$(TEST_HOST)";
				CODE_SIGN_STYLE = Automatic;
				DEVELOPMENT_TEAM = 7FU5VRE3F9;
				INFOPLIST_FILE = SmogAppTests/Info.plist;
				LD_RUNPATH_SEARCH_PATHS = "$(inherited) @executable_path/Frameworks @loader_path/Frameworks";
				PRODUCT_BUNDLE_IDENTIFIER = pl.krystianbylica.SmogAppTests;
				PRODUCT_NAME = "$(TARGET_NAME)";
				SWIFT_VERSION = 4.0;
				TARGETED_DEVICE_FAMILY = "1,2";
				TEST_HOST = "$(BUILT_PRODUCTS_DIR)/SmogApp.app/SmogApp";
			};
			name = Debug;
		};
		02F457F31FE91E9E0061872A /* Release */ = {
			isa = XCBuildConfiguration;
			buildSettings = {
				ALWAYS_EMBED_SWIFT_STANDARD_LIBRARIES = YES;
				BUNDLE_LOADER = "$(TEST_HOST)";
				CODE_SIGN_STYLE = Automatic;
				DEVELOPMENT_TEAM = 7FU5VRE3F9;
				INFOPLIST_FILE = SmogAppTests/Info.plist;
				LD_RUNPATH_SEARCH_PATHS = "$(inherited) @executable_path/Frameworks @loader_path/Frameworks";
				PRODUCT_BUNDLE_IDENTIFIER = pl.krystianbylica.SmogAppTests;
				PRODUCT_NAME = "$(TARGET_NAME)";
				SWIFT_VERSION = 4.0;
				TARGETED_DEVICE_FAMILY = "1,2";
				TEST_HOST = "$(BUILT_PRODUCTS_DIR)/SmogApp.app/SmogApp";
			};
			name = Release;
		};
/* End XCBuildConfiguration section */

/* Begin XCConfigurationList section */
		02F457CC1FE91E9E0061872A /* Build configuration list for PBXProject "SmogApp" */ = {
			isa = XCConfigurationList;
			buildConfigurations = (
				02F457EC1FE91E9E0061872A /* Debug */,
				02F457ED1FE91E9E0061872A /* Release */,
			);
			defaultConfigurationIsVisible = 0;
			defaultConfigurationName = Release;
		};
		02F457EE1FE91E9E0061872A /* Build configuration list for PBXNativeTarget "SmogApp" */ = {
			isa = XCConfigurationList;
			buildConfigurations = (
				02F457EF1FE91E9E0061872A /* Debug */,
				02F457F01FE91E9E0061872A /* Release */,
			);
			defaultConfigurationIsVisible = 0;
			defaultConfigurationName = Release;
		};
		02F457F11FE91E9E0061872A /* Build configuration list for PBXNativeTarget "SmogAppTests" */ = {
			isa = XCConfigurationList;
			buildConfigurations = (
				02F457F21FE91E9E0061872A /* Debug */,
				02F457F31FE91E9E0061872A /* Release */,
			);
			defaultConfigurationIsVisible = 0;
			defaultConfigurationName = Release;
		};
/* End XCConfigurationList section */
	};
	rootObject = 02F457C91FE91E9E0061872A /* Project object */;
}
